
Microsoft Visual Studio Solution File, Format Version 12.00
# Visual Studio Version 17
VisualStudioVersion = 17.11.35222.181
MinimumVisualStudioVersion = 10.0.40219.1
Project("{FAE04EC0-301F-11D3-BF4B-00C04F79EFBC}") = "Black Jack", "Black Jack\Black Jack.csproj", "{072341CC-A999-4426-AA09-3A02D6512CEB}"
EndProject
Global
	GlobalSection(SolutionConfigurationPlatforms) = preSolution
		Debug|Any CPU = Debug|Any CPU
		Release|Any CPU = Release|Any CPU
	EndGlobalSection
	GlobalSection(ProjectConfigurationPlatforms) = postSolution
		{072341CC-A999-4426-AA09-3A02D6512CEB}.Debug|Any CPU.ActiveCfg = Debug|Any CPU
		{072341CC-A999-4426-AA09-3A02D6512CEB}.Debug|Any CPU.Build.0 = Debug|Any CPU
		{072341CC-A999-4426-AA09-3A02D6512CEB}.Release|Any CPU.ActiveCfg = Release|Any CPU
		{072341CC-A999-4426-AA09-3A02D6512CEB}.Release|Any CPU.Build.0 = Release|Any CPU
	EndGlobalSection
	GlobalSection(SolutionProperties) = preSolution
		HideSolutionNode = FALSE
	EndGlobalSection
	GlobalSection(ExtensibilityGlobals) = postSolution
		SolutionGuid = {F57C8B95-D807-471D-8251-EDE4C727A50E}
	EndGlobalSection
EndGlobal
